
Microsoft Visual Studio Solution File, Format Version 12.00
# Visual Studio Version 17
VisualStudioVersion = 17.11.35327.3
MinimumVisualStudioVersion = 10.0.40219.1
Project("{2150E333-8FDC-42A3-9474-1A3956D46DE8}") = "Položky řešení", "Položky řešení", "{5537927A-8B6D-42B9-A75F-23F14001BC90}"
	ProjectSection(SolutionItems) = preProject
		README.md = README.md
	EndProjectSection
EndProject
Project("{8BC9CEB8-8B4A-11D0-8D11-00A0C91BC942}") = "StorjToolsService", "Service\Service.vcxproj", "{55ACCC66-CC65-446A-A41A-E904C3542A3B}"
EndProject
Project("{B7DD6F7E-DEF8-4E67-B5B7-07EF123DB6F0}") = "Installer", "Installer\Installer.wixproj", "{8EC7E300-BF81-4821-95F6-D232A398F274}"
	ProjectSection(ProjectDependencies) = postProject
		{55ACCC66-CC65-446A-A41A-E904C3542A3B} = {55ACCC66-CC65-446A-A41A-E904C3542A3B}
		{67C7D060-56A0-4F5D-86FB-3A2ED1161352} = {67C7D060-56A0-4F5D-86FB-3A2ED1161352}
	EndProjectSection
EndProject
Project("{8BC9CEB8-8B4A-11D0-8D11-00A0C91BC942}") = "Test", "Test\Test.vcxproj", "{F314320C-D9DF-4B60-8401-5F82ECF3764E}"
	ProjectSection(ProjectDependencies) = postProject
		{55ACCC66-CC65-446A-A41A-E904C3542A3B} = {55ACCC66-CC65-446A-A41A-E904C3542A3B}
	EndProjectSection
EndProject
Project("{8BC9CEB8-8B4A-11D0-8D11-00A0C91BC942}") = "Stroj Tools", "Stroj Tools\Stroj Tools.vcxproj", "{67C7D060-56A0-4F5D-86FB-3A2ED1161352}"
EndProject
Global
	GlobalSection(SolutionConfigurationPlatforms) = preSolution
		Debug|Any CPU = Debug|Any CPU
		Debug|ARM = Debug|ARM
		Debug|ARM64 = Debug|ARM64
		Debug|x64 = Debug|x64
		Debug|x86 = Debug|x86
		Release|Any CPU = Release|Any CPU
		Release|ARM = Release|ARM
		Release|ARM64 = Release|ARM64
		Release|x64 = Release|x64
		Release|x86 = Release|x86
	EndGlobalSection
	GlobalSection(ProjectConfigurationPlatforms) = postSolution
		{55ACCC66-CC65-446A-A41A-E904C3542A3B}.Debug|Any CPU.ActiveCfg = Debug|x64
		{55ACCC66-CC65-446A-A41A-E904C3542A3B}.Debug|Any CPU.Build.0 = Debug|x64
		{55ACCC66-CC65-446A-A41A-E904C3542A3B}.Debug|ARM.ActiveCfg = Debug|x64
		{55ACCC66-CC65-446A-A41A-E904C3542A3B}.Debug|ARM.Build.0 = Debug|x64
		{55ACCC66-CC65-446A-A41A-E904C3542A3B}.Debug|ARM64.ActiveCfg = Debug|x64
		{55ACCC66-CC65-446A-A41A-E904C3542A3B}.Debug|ARM64.Build.0 = Debug|x64
		{55ACCC66-CC65-446A-A41A-E904C3542A3B}.Debug|x64.ActiveCfg = Debug|x64
		{55ACCC66-CC65-446A-A41A-E904C3542A3B}.Debug|x64.Build.0 = Debug|x64
		{55ACCC66-CC65-446A-A41A-E904C3542A3B}.Debug|x86.ActiveCfg = Debug|Win32
		{55ACCC66-CC65-446A-A41A-E904C3542A3B}.Debug|x86.Build.0 = Debug|Win32
		{55ACCC66-CC65-446A-A41A-E904C3542A3B}.Release|Any CPU.ActiveCfg = Release|x64
		{55ACCC66-CC65-446A-A41A-E904C3542A3B}.Release|Any CPU.Build.0 = Release|x64
		{55ACCC66-CC65-446A-A41A-E904C3542A3B}.Release|ARM.ActiveCfg = Release|x64
		{55ACCC66-CC65-446A-A41A-E904C3542A3B}.Release|ARM.Build.0 = Release|x64
		{55ACCC66-CC65-446A-A41A-E904C3542A3B}.Release|ARM64.ActiveCfg = Release|x64
		{55ACCC66-CC65-446A-A41A-E904C3542A3B}.Release|ARM64.Build.0 = Release|x64
		{55ACCC66-CC65-446A-A41A-E904C3542A3B}.Release|x64.ActiveCfg = Release|x64
		{55ACCC66-CC65-446A-A41A-E904C3542A3B}.Release|x64.Build.0 = Release|x64
		{55ACCC66-CC65-446A-A41A-E904C3542A3B}.Release|x86.ActiveCfg = Release|Win32
		{55ACCC66-CC65-446A-A41A-E904C3542A3B}.Release|x86.Build.0 = Release|Win32
		{8EC7E300-BF81-4821-95F6-D232A398F274}.Debug|Any CPU.ActiveCfg = Debug|x64
		{8EC7E300-BF81-4821-95F6-D232A398F274}.Debug|Any CPU.Build.0 = Debug|x64
		{8EC7E300-BF81-4821-95F6-D232A398F274}.Debug|ARM.ActiveCfg = Debug|x64
		{8EC7E300-BF81-4821-95F6-D232A398F274}.Debug|ARM.Build.0 = Debug|x64
		{8EC7E300-BF81-4821-95F6-D232A398F274}.Debug|ARM64.ActiveCfg = Debug|ARM64
		{8EC7E300-BF81-4821-95F6-D232A398F274}.Debug|ARM64.Build.0 = Debug|ARM64
		{8EC7E300-BF81-4821-95F6-D232A398F274}.Debug|x64.ActiveCfg = Debug|x64
		{8EC7E300-BF81-4821-95F6-D232A398F274}.Debug|x64.Build.0 = Debug|x64
		{8EC7E300-BF81-4821-95F6-D232A398F274}.Debug|x86.ActiveCfg = Debug|x86
		{8EC7E300-BF81-4821-95F6-D232A398F274}.Debug|x86.Build.0 = Debug|x86
		{8EC7E300-BF81-4821-95F6-D232A398F274}.Release|Any CPU.ActiveCfg = Release|x64
		{8EC7E300-BF81-4821-95F6-D232A398F274}.Release|Any CPU.Build.0 = Release|x64
		{8EC7E300-BF81-4821-95F6-D232A398F274}.Release|ARM.ActiveCfg = Release|x64
		{8EC7E300-BF81-4821-95F6-D232A398F274}.Release|ARM.Build.0 = Release|x64
		{8EC7E300-BF81-4821-95F6-D232A398F274}.Release|ARM64.ActiveCfg = Release|ARM64
		{8EC7E300-BF81-4821-95F6-D232A398F274}.Release|ARM64.Build.0 = Release|ARM64
		{8EC7E300-BF81-4821-95F6-D232A398F274}.Release|x64.ActiveCfg = Release|x64
		{8EC7E300-BF81-4821-95F6-D232A398F274}.Release|x64.Build.0 = Release|x64
		{8EC7E300-BF81-4821-95F6-D232A398F274}.Release|x86.ActiveCfg = Release|x86
		{8EC7E300-BF81-4821-95F6-D232A398F274}.Release|x86.Build.0 = Release|x86
		{F314320C-D9DF-4B60-8401-5F82ECF3764E}.Debug|Any CPU.ActiveCfg = Debug|x64
		{F314320C-D9DF-4B60-8401-5F82ECF3764E}.Debug|Any CPU.Build.0 = Debug|x64
		{F314320C-D9DF-4B60-8401-5F82ECF3764E}.Debug|ARM.ActiveCfg = Debug|x64
		{F314320C-D9DF-4B60-8401-5F82ECF3764E}.Debug|ARM.Build.0 = Debug|x64
		{F314320C-D9DF-4B60-8401-5F82ECF3764E}.Debug|ARM64.ActiveCfg = Debug|x64
		{F314320C-D9DF-4B60-8401-5F82ECF3764E}.Debug|ARM64.Build.0 = Debug|x64
		{F314320C-D9DF-4B60-8401-5F82ECF3764E}.Debug|x64.ActiveCfg = Debug|x64
		{F314320C-D9DF-4B60-8401-5F82ECF3764E}.Debug|x64.Build.0 = Debug|x64
		{F314320C-D9DF-4B60-8401-5F82ECF3764E}.Debug|x86.ActiveCfg = Debug|Win32
		{F314320C-D9DF-4B60-8401-5F82ECF3764E}.Debug|x86.Build.0 = Debug|Win32
		{F314320C-D9DF-4B60-8401-5F82ECF3764E}.Release|Any CPU.ActiveCfg = Release|x64
		{F314320C-D9DF-4B60-8401-5F82ECF3764E}.Release|Any CPU.Build.0 = Release|x64
		{F314320C-D9DF-4B60-8401-5F82ECF3764E}.Release|ARM.ActiveCfg = Release|x64
		{F314320C-D9DF-4B60-8401-5F82ECF3764E}.Release|ARM.Build.0 = Release|x64
		{F314320C-D9DF-4B60-8401-5F82ECF3764E}.Release|ARM64.ActiveCfg = Release|x64
		{F314320C-D9DF-4B60-8401-5F82ECF3764E}.Release|ARM64.Build.0 = Release|x64
		{F314320C-D9DF-4B60-8401-5F82ECF3764E}.Release|x64.ActiveCfg = Release|x64
		{F314320C-D9DF-4B60-8401-5F82ECF3764E}.Release|x64.Build.0 = Release|x64
		{F314320C-D9DF-4B60-8401-5F82ECF3764E}.Release|x86.ActiveCfg = Release|Win32
		{F314320C-D9DF-4B60-8401-5F82ECF3764E}.Release|x86.Build.0 = Release|Win32
		{67C7D060-56A0-4F5D-86FB-3A2ED1161352}.Debug|Any CPU.ActiveCfg = Debug|x64
		{67C7D060-56A0-4F5D-86FB-3A2ED1161352}.Debug|Any CPU.Build.0 = Debug|x64
		{67C7D060-56A0-4F5D-86FB-3A2ED1161352}.Debug|Any CPU.Deploy.0 = Debug|x64
		{67C7D060-56A0-4F5D-86FB-3A2ED1161352}.Debug|ARM.ActiveCfg = Debug|x64
		{67C7D060-56A0-4F5D-86FB-3A2ED1161352}.Debug|ARM.Build.0 = Debug|x64
		{67C7D060-56A0-4F5D-86FB-3A2ED1161352}.Debug|ARM.Deploy.0 = Debug|x64
		{67C7D060-56A0-4F5D-86FB-3A2ED1161352}.Debug|ARM64.ActiveCfg = Debug|ARM64
		{67C7D060-56A0-4F5D-86FB-3A2ED1161352}.Debug|ARM64.Build.0 = Debug|ARM64
		{67C7D060-56A0-4F5D-86FB-3A2ED1161352}.Debug|ARM64.Deploy.0 = Debug|ARM64
		{67C7D060-56A0-4F5D-86FB-3A2ED1161352}.Debug|x64.ActiveCfg = Debug|x64
		{67C7D060-56A0-4F5D-86FB-3A2ED1161352}.Debug|x64.Build.0 = Debug|x64
		{67C7D060-56A0-4F5D-86FB-3A2ED1161352}.Debug|x64.Deploy.0 = Debug|x64
		{67C7D060-56A0-4F5D-86FB-3A2ED1161352}.Debug|x86.ActiveCfg = Debug|Win32
		{67C7D060-56A0-4F5D-86FB-3A2ED1161352}.Debug|x86.Build.0 = Debug|Win32
		{67C7D060-56A0-4F5D-86FB-3A2ED1161352}.Debug|x86.Deploy.0 = Debug|Win32
		{67C7D060-56A0-4F5D-86FB-3A2ED1161352}.Release|Any CPU.ActiveCfg = Release|x64
		{67C7D060-56A0-4F5D-86FB-3A2ED1161352}.Release|Any CPU.Build.0 = Release|x64
		{67C7D060-56A0-4F5D-86FB-3A2ED1161352}.Release|Any CPU.Deploy.0 = Release|x64
		{67C7D060-56A0-4F5D-86FB-3A2ED1161352}.Release|ARM.ActiveCfg = Release|x64
		{67C7D060-56A0-4F5D-86FB-3A2ED1161352}.Release|ARM.Build.0 = Release|x64
		{67C7D060-56A0-4F5D-86FB-3A2ED1161352}.Release|ARM.Deploy.0 = Release|x64
		{67C7D060-56A0-4F5D-86FB-3A2ED1161352}.Release|ARM64.ActiveCfg = Release|ARM64
		{67C7D060-56A0-4F5D-86FB-3A2ED1161352}.Release|ARM64.Build.0 = Release|ARM64
		{67C7D060-56A0-4F5D-86FB-3A2ED1161352}.Release|ARM64.Deploy.0 = Release|ARM64
		{67C7D060-56A0-4F5D-86FB-3A2ED1161352}.Release|x64.ActiveCfg = Release|x64
		{67C7D060-56A0-4F5D-86FB-3A2ED1161352}.Release|x64.Build.0 = Release|x64
		{67C7D060-56A0-4F5D-86FB-3A2ED1161352}.Release|x64.Deploy.0 = Release|x64
		{67C7D060-56A0-4F5D-86FB-3A2ED1161352}.Release|x86.ActiveCfg = Release|Win32
		{67C7D060-56A0-4F5D-86FB-3A2ED1161352}.Release|x86.Build.0 = Release|Win32
		{67C7D060-56A0-4F5D-86FB-3A2ED1161352}.Release|x86.Deploy.0 = Release|Win32
	EndGlobalSection
	GlobalSection(SolutionProperties) = preSolution
		HideSolutionNode = FALSE
	EndGlobalSection
	GlobalSection(ExtensibilityGlobals) = postSolution
		SolutionGuid = {4389067A-6DC8-4727-A059-4F31FCA62B44}
	EndGlobalSection
EndGlobal
