
Microsoft Visual Studio Solution File, Format Version 12.00
# Visual Studio Version 17
VisualStudioVersion = 17.11.35327.3
MinimumVisualStudioVersion = 10.0.40219.1
Project("{2150E333-8FDC-42A3-9474-1A3956D46DE8}") = "Položky řešení", "Položky řešení", "{5537927A-8B6D-42B9-A75F-23F14001BC90}"
	ProjectSection(SolutionItems) = preProject
		README.md = README.md
	EndProjectSection
EndProject
Project("{8BC9CEB8-8B4A-11D0-8D11-00A0C91BC942}") = "StrojToolsService", "Service\Service.vcxproj", "{55ACCC66-CC65-446A-A41A-E904C3542A3B}"
EndProject
Project("{C7167F0D-BC9F-4E6E-AFE1-012C56B48DB5}") = "StroJToolsServiceInstaller", "StroJToolsServiceInstaller\StroJToolsServiceInstaller.wapproj", "{008F89BF-2E2D-476A-9B96-7066C87F1FCD}"
EndProject
Global
	GlobalSection(SolutionConfigurationPlatforms) = preSolution
		Debug|Any CPU = Debug|Any CPU
		Debug|ARM = Debug|ARM
		Debug|ARM64 = Debug|ARM64
		Debug|x64 = Debug|x64
		Debug|x86 = Debug|x86
		Release|Any CPU = Release|Any CPU
		Release|ARM = Release|ARM
		Release|ARM64 = Release|ARM64
		Release|x64 = Release|x64
		Release|x86 = Release|x86
	EndGlobalSection
	GlobalSection(ProjectConfigurationPlatforms) = postSolution
		{55ACCC66-CC65-446A-A41A-E904C3542A3B}.Debug|Any CPU.ActiveCfg = Debug|x64
		{55ACCC66-CC65-446A-A41A-E904C3542A3B}.Debug|Any CPU.Build.0 = Debug|x64
		{55ACCC66-CC65-446A-A41A-E904C3542A3B}.Debug|ARM.ActiveCfg = Debug|x64
		{55ACCC66-CC65-446A-A41A-E904C3542A3B}.Debug|ARM.Build.0 = Debug|x64
		{55ACCC66-CC65-446A-A41A-E904C3542A3B}.Debug|ARM64.ActiveCfg = Debug|x64
		{55ACCC66-CC65-446A-A41A-E904C3542A3B}.Debug|ARM64.Build.0 = Debug|x64
		{55ACCC66-CC65-446A-A41A-E904C3542A3B}.Debug|x64.ActiveCfg = Debug|x64
		{55ACCC66-CC65-446A-A41A-E904C3542A3B}.Debug|x64.Build.0 = Debug|x64
		{55ACCC66-CC65-446A-A41A-E904C3542A3B}.Debug|x86.ActiveCfg = Debug|Win32
		{55ACCC66-CC65-446A-A41A-E904C3542A3B}.Debug|x86.Build.0 = Debug|Win32
		{55ACCC66-CC65-446A-A41A-E904C3542A3B}.Release|Any CPU.ActiveCfg = Release|x64
		{55ACCC66-CC65-446A-A41A-E904C3542A3B}.Release|Any CPU.Build.0 = Release|x64
		{55ACCC66-CC65-446A-A41A-E904C3542A3B}.Release|ARM.ActiveCfg = Release|x64
		{55ACCC66-CC65-446A-A41A-E904C3542A3B}.Release|ARM.Build.0 = Release|x64
		{55ACCC66-CC65-446A-A41A-E904C3542A3B}.Release|ARM64.ActiveCfg = Release|x64
		{55ACCC66-CC65-446A-A41A-E904C3542A3B}.Release|ARM64.Build.0 = Release|x64
		{55ACCC66-CC65-446A-A41A-E904C3542A3B}.Release|x64.ActiveCfg = Release|x64
		{55ACCC66-CC65-446A-A41A-E904C3542A3B}.Release|x64.Build.0 = Release|x64
		{55ACCC66-CC65-446A-A41A-E904C3542A3B}.Release|x86.ActiveCfg = Release|Win32
		{55ACCC66-CC65-446A-A41A-E904C3542A3B}.Release|x86.Build.0 = Release|Win32
		{008F89BF-2E2D-476A-9B96-7066C87F1FCD}.Debug|Any CPU.ActiveCfg = Debug|Any CPU
		{008F89BF-2E2D-476A-9B96-7066C87F1FCD}.Debug|Any CPU.Build.0 = Debug|Any CPU
		{008F89BF-2E2D-476A-9B96-7066C87F1FCD}.Debug|Any CPU.Deploy.0 = Debug|Any CPU
		{008F89BF-2E2D-476A-9B96-7066C87F1FCD}.Debug|ARM.ActiveCfg = Debug|ARM
		{008F89BF-2E2D-476A-9B96-7066C87F1FCD}.Debug|ARM.Build.0 = Debug|ARM
		{008F89BF-2E2D-476A-9B96-7066C87F1FCD}.Debug|ARM.Deploy.0 = Debug|ARM
		{008F89BF-2E2D-476A-9B96-7066C87F1FCD}.Debug|ARM64.ActiveCfg = Debug|ARM64
		{008F89BF-2E2D-476A-9B96-7066C87F1FCD}.Debug|ARM64.Build.0 = Debug|ARM64
		{008F89BF-2E2D-476A-9B96-7066C87F1FCD}.Debug|ARM64.Deploy.0 = Debug|ARM64
		{008F89BF-2E2D-476A-9B96-7066C87F1FCD}.Debug|x64.ActiveCfg = Debug|x64
		{008F89BF-2E2D-476A-9B96-7066C87F1FCD}.Debug|x64.Build.0 = Debug|x64
		{008F89BF-2E2D-476A-9B96-7066C87F1FCD}.Debug|x64.Deploy.0 = Debug|x64
		{008F89BF-2E2D-476A-9B96-7066C87F1FCD}.Debug|x86.ActiveCfg = Debug|x86
		{008F89BF-2E2D-476A-9B96-7066C87F1FCD}.Debug|x86.Build.0 = Debug|x86
		{008F89BF-2E2D-476A-9B96-7066C87F1FCD}.Debug|x86.Deploy.0 = Debug|x86
		{008F89BF-2E2D-476A-9B96-7066C87F1FCD}.Release|Any CPU.ActiveCfg = Release|Any CPU
		{008F89BF-2E2D-476A-9B96-7066C87F1FCD}.Release|Any CPU.Build.0 = Release|Any CPU
		{008F89BF-2E2D-476A-9B96-7066C87F1FCD}.Release|Any CPU.Deploy.0 = Release|Any CPU
		{008F89BF-2E2D-476A-9B96-7066C87F1FCD}.Release|ARM.ActiveCfg = Release|ARM
		{008F89BF-2E2D-476A-9B96-7066C87F1FCD}.Release|ARM.Build.0 = Release|ARM
		{008F89BF-2E2D-476A-9B96-7066C87F1FCD}.Release|ARM.Deploy.0 = Release|ARM
		{008F89BF-2E2D-476A-9B96-7066C87F1FCD}.Release|ARM64.ActiveCfg = Release|ARM64
		{008F89BF-2E2D-476A-9B96-7066C87F1FCD}.Release|ARM64.Build.0 = Release|ARM64
		{008F89BF-2E2D-476A-9B96-7066C87F1FCD}.Release|ARM64.Deploy.0 = Release|ARM64
		{008F89BF-2E2D-476A-9B96-7066C87F1FCD}.Release|x64.ActiveCfg = Release|x64
		{008F89BF-2E2D-476A-9B96-7066C87F1FCD}.Release|x64.Build.0 = Release|x64
		{008F89BF-2E2D-476A-9B96-7066C87F1FCD}.Release|x64.Deploy.0 = Release|x64
		{008F89BF-2E2D-476A-9B96-7066C87F1FCD}.Release|x86.ActiveCfg = Release|x86
		{008F89BF-2E2D-476A-9B96-7066C87F1FCD}.Release|x86.Build.0 = Release|x86
		{008F89BF-2E2D-476A-9B96-7066C87F1FCD}.Release|x86.Deploy.0 = Release|x86
	EndGlobalSection
	GlobalSection(SolutionProperties) = preSolution
		HideSolutionNode = FALSE
	EndGlobalSection
	GlobalSection(ExtensibilityGlobals) = postSolution
		SolutionGuid = {4389067A-6DC8-4727-A059-4F31FCA62B44}
	EndGlobalSection
EndGlobal
