<?xml version="1.0" encoding="utf-8"?>
<Project ToolsVersion="4.0" xmlns="http://schemas.microsoft.com/developer/msbuild/2003">
  <ItemGroup>
    <ApplicationDefinition Include="App.xaml" />
  </ItemGroup>
  <ItemGroup>
    <Page Include="MainWindow.xaml" />
    <Page Include="NodesPage.xaml" />
    <Page Include="ServicePage.xaml" />
    <Page Include="DiscordPage.xaml" />
    <Page Include="SettingPage.xaml" />
    <Page Include="Themes\Generic.xaml" />
  </ItemGroup>
  <ItemGroup>
    <Midl Include="MainWindow.idl" />
    <Midl Include="Node.idl" />
    <Midl Include="StorjData.idl" />
  </ItemGroup>
  <ItemGroup>
    <ClCompile Include="pch.cpp" />
    <ClCompile Include="$(GeneratedFilesDir)module.g.cpp" />
    <ClCompile Include="..\Service\ConfigFileManager.cpp">
      <Filter>srcCPP</Filter>
    </ClCompile>
    <ClCompile Include="..\Service\DiscordManager.cpp">
      <Filter>srcCPP</Filter>
    </ClCompile>
    <ClCompile Include="..\Service\SCManager.cpp">
      <Filter>srcCPP</Filter>
    </ClCompile>
    <ClCompile Include="..\Service\Logger.cpp">
      <Filter>srcCPP</Filter>
    </ClCompile>
    <ClCompile Include="..\Service\ServiceUpdater.cpp">
      <Filter>srcCPP</Filter>
    </ClCompile>
    <ClCompile Include="DataAdapter.cpp">
      <Filter>srcCPP</Filter>
    </ClCompile>
  </ItemGroup>
  <ItemGroup>
    <ClInclude Include="pch.h" />
    <ClInclude Include="..\Service\ConfigFileManager.h">
      <Filter>srcH</Filter>
    </ClInclude>
    <ClInclude Include="..\Service\DiscordManager.h">
      <Filter>srcH</Filter>
    </ClInclude>
    <ClInclude Include="..\Service\SCManager.h">
      <Filter>srcH</Filter>
    </ClInclude>
    <ClInclude Include="..\Service\Logger.h">
      <Filter>srcH</Filter>
    </ClInclude>
    <ClInclude Include="..\Service\ServiceUpdater.h">
      <Filter>srcH</Filter>
    </ClInclude>
    <ClInclude Include="DataAdapter.h">
      <Filter>srcH</Filter>
    </ClInclude>
  </ItemGroup>
  <ItemGroup>
    <Image Include="Assets\Wide310x150Logo.scale-200.png">
      <Filter>Assets</Filter>
    </Image>
    <Image Include="Assets\StoreLogo.png">
      <Filter>Assets</Filter>
    </Image>
    <Image Include="Assets\Square150x150Logo.scale-200.png">
      <Filter>Assets</Filter>
    </Image>
    <Image Include="Assets\Square44x44Logo.targetsize-24_altform-unplated.png">
      <Filter>Assets</Filter>
    </Image>
    <Image Include="Assets\Square44x44Logo.scale-200.png">
      <Filter>Assets</Filter>
    </Image>
    <Image Include="Assets\SplashScreen.scale-200.png">
      <Filter>Assets</Filter>
    </Image>
    <Image Include="Assets\LockScreenLogo.scale-200.png">
      <Filter>Assets</Filter>
    </Image>
  </ItemGroup>
  <ItemGroup>
    <Filter Include="Assets">
      <UniqueIdentifier>{67c7d060-56a0-4f5d-86fb-3a2ed1161352}</UniqueIdentifier>
    </Filter>
    <Filter Include="srcCPP">
      <UniqueIdentifier>{68b3e0c0-5258-450d-8d33-64555f711778}</UniqueIdentifier>
    </Filter>
    <Filter Include="srcH">
      <UniqueIdentifier>{1e8cfabc-18a8-4ac4-bc75-94b0ae405727}</UniqueIdentifier>
    </Filter>
  </ItemGroup>
  <ItemGroup>
    <Manifest Include="app.manifest" />
  </ItemGroup>
  <ItemGroup>
    <AppxManifest Include="Package.appxmanifest" />
  </ItemGroup>
  <ItemGroup>
    <None Include="packages.config" />
  </ItemGroup>
  <ItemGroup>
    <Natvis Include="$(MSBuildThisFileDirectory)..\..\natvis\wil.natvis" />
  </ItemGroup>
</Project>